
Microsoft Visual Studio Solution File, Format Version 12.00
# Visual Studio Version 17
VisualStudioVersion = 17.7.34202.233
MinimumVisualStudioVersion = 10.0.40219.1
Project("{FAE04EC0-301F-11D3-BF4B-00C04F79EFBC}") = "Diziler Ödevi", "Diziler Ödevi\Diziler Ödevi.csproj", "{272BE5AB-3C4A-4A32-B5AE-D78B452BB0BD}"
EndProject
Global
	GlobalSection(SolutionConfigurationPlatforms) = preSolution
		Debug|Any CPU = Debug|Any CPU
		Release|Any CPU = Release|Any CPU
	EndGlobalSection
	GlobalSection(ProjectConfigurationPlatforms) = postSolution
		{272BE5AB-3C4A-4A32-B5AE-D78B452BB0BD}.Debug|Any CPU.ActiveCfg = Debug|Any CPU
		{272BE5AB-3C4A-4A32-B5AE-D78B452BB0BD}.Debug|Any CPU.Build.0 = Debug|Any CPU
		{272BE5AB-3C4A-4A32-B5AE-D78B452BB0BD}.Release|Any CPU.ActiveCfg = Release|Any CPU
		{272BE5AB-3C4A-4A32-B5AE-D78B452BB0BD}.Release|Any CPU.Build.0 = Release|Any CPU
	EndGlobalSection
	GlobalSection(SolutionProperties) = preSolution
		HideSolutionNode = FALSE
	EndGlobalSection
	GlobalSection(ExtensibilityGlobals) = postSolution
		SolutionGuid = {EA03A1DF-D1F7-4C23-B729-4C0CE6A1847D}
	EndGlobalSection
EndGlobal
